
Microsoft Visual Studio Solution File, Format Version 12.00
# Visual Studio Version 17
VisualStudioVersion = 17.5.002.0
MinimumVisualStudioVersion = 10.0.40219.1
Project("{9A19103F-16F7-4668-BE54-9A1E7A4F7556}") = "VINDecoder", "VINDecoder.csproj", "{3C9084ED-1857-445E-85BF-5F9AF34D85EB}"
EndProject
Global
	GlobalSection(SolutionConfigurationPlatforms) = preSolution
		Debug|Any CPU = Debug|Any CPU
		Release|Any CPU = Release|Any CPU
	EndGlobalSection
	GlobalSection(ProjectConfigurationPlatforms) = postSolution
		{3C9084ED-1857-445E-85BF-5F9AF34D85EB}.Debug|Any CPU.ActiveCfg = Debug|Any CPU
		{3C9084ED-1857-445E-85BF-5F9AF34D85EB}.Debug|Any CPU.Build.0 = Debug|Any CPU
		{3C9084ED-1857-445E-85BF-5F9AF34D85EB}.Release|Any CPU.ActiveCfg = Release|Any CPU
		{3C9084ED-1857-445E-85BF-5F9AF34D85EB}.Release|Any CPU.Build.0 = Release|Any CPU
	EndGlobalSection
	GlobalSection(SolutionProperties) = preSolution
		HideSolutionNode = FALSE
	EndGlobalSection
	GlobalSection(ExtensibilityGlobals) = postSolution
		SolutionGuid = {305CD06F-072A-4E58-8E9C-8C8331F39B75}
	EndGlobalSection
EndGlobal
